<?xml version="1.0" encoding="utf-8"?>
<Project ToolsVersion="4.0" xmlns="http://schemas.microsoft.com/developer/msbuild/2003">
  <ItemGroup>
    <Filter Include="Resource Files">
      <UniqueIdentifier>{67DA6AB6-F800-4c08-8B7A-83BB121AAD01}</UniqueIdentifier>
      <Extensions>rc;ico;cur;bmp;dlg;rc2;rct;bin;rgs;gif;jpg;jpeg;jpe;resx;tiff;tif;png;wav;mfcribbon-ms</Extensions>
    </Filter>
    <Filter Include="Source Files">
      <UniqueIdentifier>{4FC737F1-C7A5-4376-A066-2A32D752A2FF}</UniqueIdentifier>
      <Extensions>cpp;c;cc;cxx;def;odl;idl;hpj;bat;asm;asmx</Extensions>
    </Filter>
    <Filter Include="Source Files\Generated">
      <UniqueIdentifier>{67631ba2-9cdf-482d-a037-d540baf83807}</UniqueIdentifier>
    </Filter>
    <Filter Include="Source Files\Emitters">
      <UniqueIdentifier>{eea2fedd-bb27-401f-a5c8-f28df2193904}</UniqueIdentifier>
    </Filter>
    <Filter Include="Header Files">
      <UniqueIdentifier>{93995380-89BD-4b04-88EB-625FBE52EBFB}</UniqueIdentifier>
      <Extensions>h;hh;hpp;hxx;hm;inl;inc;xsd</Extensions>
    </Filter>
    <Filter Include="Header Files\Generated">
      <UniqueIdentifier>{777fef12-c223-43a9-aebf-43e6fc8980de}</UniqueIdentifier>
    </Filter>
    <Filter Include="Header Files\Emitters">
      <UniqueIdentifier>{e241bb4b-3e76-483e-9de5-a109197a4d48}</UniqueIdentifier>
    </Filter>
  </ItemGroup>
  <ItemGroup>
    <ClInclude Include="targetver.h">
      <Filter>Header Files</Filter>
    </ClInclude>
    <ClInclude Include="Compiler.h">
      <Filter>Header Files</Filter>
    </ClInclude>
    <ClInclude Include="CompilerException.h">
      <Filter>Header Files</Filter>
    </ClInclude>
    <ClInclude Include="SymbolTableEntry.h">
      <Filter>Header Files</Filter>
    </ClInclude>
    <ClInclude Include="InstructionEntry.h">
      <Filter>Header Files</Filter>
    </ClInclude>
    <ClInclude Include="ScopeType.h">
      <Filter>Header Files</Filter>
    </ClInclude>
    <ClInclude Include="resource.h">
      <Filter>Header Files</Filter>
    </ClInclude>
    <ClInclude Include="Log.h">
      <Filter>Header Files</Filter>
    </ClInclude>
    <ClInclude Include="TinyFormat.h">
      <Filter>Header Files</Filter>
    </ClInclude>
    <ClInclude Include="parser.tab.h">
      <Filter>Header Files\Generated</Filter>
    </ClInclude>
    <ClInclude Include="i386Emitter.h">
      <Filter>Header Files\Emitters</Filter>
    </ClInclude>
    <ClInclude Include="GenericEmitter.h">
      <Filter>Header Files\Emitters</Filter>
    </ClInclude>
    <ClInclude Include="DosExeEmitter.h">
      <Filter>Header Files\Emitters</Filter>
    </ClInclude>
    <ClInclude Include="SuppressRegister.h">
      <Filter>Header Files\Emitters</Filter>
    </ClInclude>
    <ClInclude Include="Version.h">
      <Filter>Header Files</Filter>
    </ClInclude>
  </ItemGroup>
  <ItemGroup>
    <ClCompile Include="Compiler.cpp">
      <Filter>Source Files</Filter>
    </ClCompile>
    <ClCompile Include="Log.cpp">
      <Filter>Source Files</Filter>
    </ClCompile>
    <ClCompile Include="Main.cpp">
      <Filter>Source Files</Filter>
    </ClCompile>
    <ClCompile Include="parser.tab.cpp">
      <Filter>Source Files\Generated</Filter>
    </ClCompile>
    <ClCompile Include="lexer.flex.cpp">
      <Filter>Source Files\Generated</Filter>
    </ClCompile>
    <ClCompile Include="i386Emitter.cpp">
      <Filter>Source Files\Emitters</Filter>
    </ClCompile>
    <ClCompile Include="GenericEmitter.cpp">
      <Filter>Source Files\Emitters</Filter>
    </ClCompile>
    <ClCompile Include="DosExeEmitter.cpp">
      <Filter>Source Files\Emitters</Filter>
    </ClCompile>
    <ClCompile Include="SuppressRegister.cpp">
      <Filter>Source Files\Emitters</Filter>
    </ClCompile>
  </ItemGroup>
  <ItemGroup>
    <Bison Include="parser.y" />
  </ItemGroup>
  <ItemGroup>
    <Flex Include="lexer.l" />
  </ItemGroup>
  <ItemGroup>
    <ResourceCompile Include="Compiler.rc">
      <Filter>Resource Files</Filter>
    </ResourceCompile>
  </ItemGroup>
</Project>